
Microsoft Visual Studio Solution File, Format Version 12.00
# Visual Studio Version 16
VisualStudioVersion = 16.0.31321.278
MinimumVisualStudioVersion = 10.0.40219.1
Project("{FAE04EC0-301F-11D3-BF4B-00C04F79EFBC}") = "ChallengeCafe", "ChallengeCafe\ChallengeCafe.csproj", "{F0D08B58-3CE6-40F6-8907-493A2C8E8C36}"
EndProject
Project("{FAE04EC0-301F-11D3-BF4B-00C04F79EFBC}") = "MenuItem.POCOs", "MenuItem.POCOs\MenuItem.POCOs.csproj", "{A76BF694-0556-4EA0-8C14-E8C019F62001}"
EndProject
Project("{FAE04EC0-301F-11D3-BF4B-00C04F79EFBC}") = "MenuItemRepository", "MenuItemRepository\MenuItemRepository.csproj", "{2B194724-416D-4122-BC42-2D118FABB90C}"
EndProject
Project("{FAE04EC0-301F-11D3-BF4B-00C04F79EFBC}") = "UnitTests", "UnitTests\UnitTests.csproj", "{2E202F5C-4AA2-4913-9394-2F436129FE5F}"
EndProject
Global
	GlobalSection(SolutionConfigurationPlatforms) = preSolution
		Debug|Any CPU = Debug|Any CPU
		Release|Any CPU = Release|Any CPU
	EndGlobalSection
	GlobalSection(ProjectConfigurationPlatforms) = postSolution
		{F0D08B58-3CE6-40F6-8907-493A2C8E8C36}.Debug|Any CPU.ActiveCfg = Debug|Any CPU
		{F0D08B58-3CE6-40F6-8907-493A2C8E8C36}.Debug|Any CPU.Build.0 = Debug|Any CPU
		{F0D08B58-3CE6-40F6-8907-493A2C8E8C36}.Release|Any CPU.ActiveCfg = Release|Any CPU
		{F0D08B58-3CE6-40F6-8907-493A2C8E8C36}.Release|Any CPU.Build.0 = Release|Any CPU
		{A76BF694-0556-4EA0-8C14-E8C019F62001}.Debug|Any CPU.ActiveCfg = Debug|Any CPU
		{A76BF694-0556-4EA0-8C14-E8C019F62001}.Debug|Any CPU.Build.0 = Debug|Any CPU
		{A76BF694-0556-4EA0-8C14-E8C019F62001}.Release|Any CPU.ActiveCfg = Release|Any CPU
		{A76BF694-0556-4EA0-8C14-E8C019F62001}.Release|Any CPU.Build.0 = Release|Any CPU
		{2B194724-416D-4122-BC42-2D118FABB90C}.Debug|Any CPU.ActiveCfg = Debug|Any CPU
		{2B194724-416D-4122-BC42-2D118FABB90C}.Debug|Any CPU.Build.0 = Debug|Any CPU
		{2B194724-416D-4122-BC42-2D118FABB90C}.Release|Any CPU.ActiveCfg = Release|Any CPU
		{2B194724-416D-4122-BC42-2D118FABB90C}.Release|Any CPU.Build.0 = Release|Any CPU
		{2E202F5C-4AA2-4913-9394-2F436129FE5F}.Debug|Any CPU.ActiveCfg = Debug|Any CPU
		{2E202F5C-4AA2-4913-9394-2F436129FE5F}.Debug|Any CPU.Build.0 = Debug|Any CPU
		{2E202F5C-4AA2-4913-9394-2F436129FE5F}.Release|Any CPU.ActiveCfg = Release|Any CPU
		{2E202F5C-4AA2-4913-9394-2F436129FE5F}.Release|Any CPU.Build.0 = Release|Any CPU
	EndGlobalSection
	GlobalSection(SolutionProperties) = preSolution
		HideSolutionNode = FALSE
	EndGlobalSection
	GlobalSection(ExtensibilityGlobals) = postSolution
		SolutionGuid = {24C3BD87-1A7B-446B-86CC-2E0BA161ABFC}
	EndGlobalSection
EndGlobal
